Microsoft Visual Studio Solution File, Format Version 12.00
# Visual Studio Version 17
VisualStudioVersion = 17.5.2.0
MinimumVisualStudioVersion = 10.0.40219.1
Project("{FAE04EC0-301F-11D3-BF4B-00C04F79EFBC}") = "Deserialization", "Deserialization.csproj", "{92117B98-2216-D81C-F62C-F4219AA24B39}"
EndProject
Global
	GlobalSection(SolutionConfigurationPlatforms) = preSolution
		Debug|Any CPU = Debug|Any CPU
		Release|Any CPU = Release|Any CPU
	EndGlobalSection
	GlobalSection(ProjectConfigurationPlatforms) = postSolution
		{92117B98-2216-D81C-F62C-F4219AA24B39}.Debug|Any CPU.ActiveCfg = Debug|Any CPU
		{92117B98-2216-D81C-F62C-F4219AA24B39}.Debug|Any CPU.Build.0 = Debug|Any CPU
		{92117B98-2216-D81C-F62C-F4219AA24B39}.Release|Any CPU.ActiveCfg = Release|Any CPU
		{92117B98-2216-D81C-F62C-F4219AA24B39}.Release|Any CPU.Build.0 = Release|Any CPU
	EndGlobalSection
	GlobalSection(SolutionProperties) = preSolution
		HideSolutionNode = FALSE
	EndGlobalSection
	GlobalSection(ExtensibilityGlobals) = postSolution
		SolutionGuid = {78AC9A3A-D61F-4C39-89A7-99957C3A7826}
	EndGlobalSection
EndGlobal
