Microsoft Visual Studio Solution File, Format Version 12.00
# Visual Studio Version 17
VisualStudioVersion = 17.5.2.0
MinimumVisualStudioVersion = 10.0.40219.1
Project("{2150E333-8FDC-42A3-9474-1A3956D46DE8}") = "Module 5", "Module 5", "{2FDF6DD1-0415-D80D-6CB8-4E6F11D24327}"
EndProject
Project("{FAE04EC0-301F-11D3-BF4B-00C04F79EFBC}") = "methods", "Module 5\methods\methods.csproj", "{828836ED-3E20-2A3E-1889-04F2D65E815E}"
EndProject
Global
	GlobalSection(SolutionConfigurationPlatforms) = preSolution
		Debug|Any CPU = Debug|Any CPU
		Release|Any CPU = Release|Any CPU
	EndGlobalSection
	GlobalSection(ProjectConfigurationPlatforms) = postSolution
		{828836ED-3E20-2A3E-1889-04F2D65E815E}.Debug|Any CPU.ActiveCfg = Debug|Any CPU
		{828836ED-3E20-2A3E-1889-04F2D65E815E}.Debug|Any CPU.Build.0 = Debug|Any CPU
		{828836ED-3E20-2A3E-1889-04F2D65E815E}.Release|Any CPU.ActiveCfg = Release|Any CPU
		{828836ED-3E20-2A3E-1889-04F2D65E815E}.Release|Any CPU.Build.0 = Release|Any CPU
	EndGlobalSection
	GlobalSection(SolutionProperties) = preSolution
		HideSolutionNode = FALSE
	EndGlobalSection
	GlobalSection(NestedProjects) = preSolution
		{828836ED-3E20-2A3E-1889-04F2D65E815E} = {2FDF6DD1-0415-D80D-6CB8-4E6F11D24327}
	EndGlobalSection
	GlobalSection(ExtensibilityGlobals) = postSolution
		SolutionGuid = {414E1C6E-79E9-4224-B9FC-6D0B07152773}
	EndGlobalSection
EndGlobal
